
Microsoft Visual Studio Solution File, Format Version 12.00
Project("{2150E333-8FDC-42A3-9474-1A3956D46DE8}") = "src", "src", "{FDD64E45-C7B5-470F-85E2-0A716B6B74DD}"
EndProject
Project("{2150E333-8FDC-42A3-9474-1A3956D46DE8}") = "tests", "tests", "{FEED1D30-ABA5-4893-938B-957FEB937917}"
EndProject
Project("{FAE04EC0-301F-11D3-BF4B-00C04F79EFBC}") = "LibraryApp.Domain", "src\LibraryApp.Domain\LibraryApp.Domain.csproj", "{48B07176-1963-4626-BE56-A9DD0F991B2B}"
EndProject
Project("{FAE04EC0-301F-11D3-BF4B-00C04F79EFBC}") = "LibraryApp.Infrastructure", "src\LibraryApp.Infrastructure\LibraryApp.Infrastructure.csproj", "{50DC5C3B-A3B0-47C6-B893-D6662670B5B2}"
EndProject
Project("{FAE04EC0-301F-11D3-BF4B-00C04F79EFBC}") = "LibraryApp.API", "src\LibraryApp.API\LibraryApp.API.csproj", "{B8A689A1-0FD4-449C-8EF3-DA4AABE8EF1B}"
EndProject
Project("{FAE04EC0-301F-11D3-BF4B-00C04F79EFBC}") = "LibraryApp.Application", "src\LibraryApp.Application\LibraryApp.Application.csproj", "{1BB57AB6-1528-4A3E-A803-D87D724B3D36}"
EndProject
Project("{FAE04EC0-301F-11D3-BF4B-00C04F79EFBC}") = "LibraryApp.Persistence", "src\LibraryApp.Persistence\LibraryApp.Persistence.csproj", "{327994D8-A494-4F7C-9C7C-7DE9A25CA10D}"
EndProject
Global
	GlobalSection(SolutionConfigurationPlatforms) = preSolution
		Debug|Any CPU = Debug|Any CPU
		Release|Any CPU = Release|Any CPU
	EndGlobalSection
	GlobalSection(NestedProjects) = preSolution
		{48B07176-1963-4626-BE56-A9DD0F991B2B} = {FDD64E45-C7B5-470F-85E2-0A716B6B74DD}
		{50DC5C3B-A3B0-47C6-B893-D6662670B5B2} = {FDD64E45-C7B5-470F-85E2-0A716B6B74DD}
		{B8A689A1-0FD4-449C-8EF3-DA4AABE8EF1B} = {FDD64E45-C7B5-470F-85E2-0A716B6B74DD}
		{1BB57AB6-1528-4A3E-A803-D87D724B3D36} = {FDD64E45-C7B5-470F-85E2-0A716B6B74DD}
		{327994D8-A494-4F7C-9C7C-7DE9A25CA10D} = {FDD64E45-C7B5-470F-85E2-0A716B6B74DD}
	EndGlobalSection
	GlobalSection(ProjectConfigurationPlatforms) = postSolution
		{48B07176-1963-4626-BE56-A9DD0F991B2B}.Debug|Any CPU.ActiveCfg = Debug|Any CPU
		{48B07176-1963-4626-BE56-A9DD0F991B2B}.Debug|Any CPU.Build.0 = Debug|Any CPU
		{48B07176-1963-4626-BE56-A9DD0F991B2B}.Release|Any CPU.ActiveCfg = Release|Any CPU
		{48B07176-1963-4626-BE56-A9DD0F991B2B}.Release|Any CPU.Build.0 = Release|Any CPU
		{50DC5C3B-A3B0-47C6-B893-D6662670B5B2}.Debug|Any CPU.ActiveCfg = Debug|Any CPU
		{50DC5C3B-A3B0-47C6-B893-D6662670B5B2}.Debug|Any CPU.Build.0 = Debug|Any CPU
		{50DC5C3B-A3B0-47C6-B893-D6662670B5B2}.Release|Any CPU.ActiveCfg = Release|Any CPU
		{50DC5C3B-A3B0-47C6-B893-D6662670B5B2}.Release|Any CPU.Build.0 = Release|Any CPU
		{B8A689A1-0FD4-449C-8EF3-DA4AABE8EF1B}.Debug|Any CPU.ActiveCfg = Debug|Any CPU
		{B8A689A1-0FD4-449C-8EF3-DA4AABE8EF1B}.Debug|Any CPU.Build.0 = Debug|Any CPU
		{B8A689A1-0FD4-449C-8EF3-DA4AABE8EF1B}.Release|Any CPU.ActiveCfg = Release|Any CPU
		{B8A689A1-0FD4-449C-8EF3-DA4AABE8EF1B}.Release|Any CPU.Build.0 = Release|Any CPU
		{1BB57AB6-1528-4A3E-A803-D87D724B3D36}.Debug|Any CPU.ActiveCfg = Debug|Any CPU
		{1BB57AB6-1528-4A3E-A803-D87D724B3D36}.Debug|Any CPU.Build.0 = Debug|Any CPU
		{1BB57AB6-1528-4A3E-A803-D87D724B3D36}.Release|Any CPU.ActiveCfg = Release|Any CPU
		{1BB57AB6-1528-4A3E-A803-D87D724B3D36}.Release|Any CPU.Build.0 = Release|Any CPU
		{327994D8-A494-4F7C-9C7C-7DE9A25CA10D}.Debug|Any CPU.ActiveCfg = Debug|Any CPU
		{327994D8-A494-4F7C-9C7C-7DE9A25CA10D}.Debug|Any CPU.Build.0 = Debug|Any CPU
		{327994D8-A494-4F7C-9C7C-7DE9A25CA10D}.Release|Any CPU.ActiveCfg = Release|Any CPU
		{327994D8-A494-4F7C-9C7C-7DE9A25CA10D}.Release|Any CPU.Build.0 = Release|Any CPU
	EndGlobalSection
EndGlobal
